
Microsoft Visual Studio Solution File, Format Version 12.00
# Visual Studio Version 17
VisualStudioVersion = 17.2.32630.192
MinimumVisualStudioVersion = 10.0.40219.1
Project("{FAE04EC0-301F-11D3-BF4B-00C04F79EFBC}") = "GasBrasilDashboard", "GasBrasilDashboard.csproj", "{650ECFC7-67AC-4912-A165-F2F46A8E8A59}"
EndProject
Project("{9A19103F-16F7-4668-BE54-9A1E7A4F7556}") = "GasBrasilDashboardBiblioteca", "..\GasBrasilDashboardBiblioteca\GasBrasilDashboardBiblioteca.csproj", "{721D4342-5F19-4A23-A196-4BEC0CF15E73}"
EndProject
Global
	GlobalSection(SolutionConfigurationPlatforms) = preSolution
		Debug|Any CPU = Debug|Any CPU
		Release|Any CPU = Release|Any CPU
	EndGlobalSection
	GlobalSection(ProjectConfigurationPlatforms) = postSolution
		{650ECFC7-67AC-4912-A165-F2F46A8E8A59}.Debug|Any CPU.ActiveCfg = Debug|Any CPU
		{650ECFC7-67AC-4912-A165-F2F46A8E8A59}.Debug|Any CPU.Build.0 = Debug|Any CPU
		{650ECFC7-67AC-4912-A165-F2F46A8E8A59}.Release|Any CPU.ActiveCfg = Release|Any CPU
		{650ECFC7-67AC-4912-A165-F2F46A8E8A59}.Release|Any CPU.Build.0 = Release|Any CPU
		{721D4342-5F19-4A23-A196-4BEC0CF15E73}.Debug|Any CPU.ActiveCfg = Debug|Any CPU
		{721D4342-5F19-4A23-A196-4BEC0CF15E73}.Debug|Any CPU.Build.0 = Debug|Any CPU
		{721D4342-5F19-4A23-A196-4BEC0CF15E73}.Release|Any CPU.ActiveCfg = Release|Any CPU
		{721D4342-5F19-4A23-A196-4BEC0CF15E73}.Release|Any CPU.Build.0 = Release|Any CPU
	EndGlobalSection
	GlobalSection(SolutionProperties) = preSolution
		HideSolutionNode = FALSE
	EndGlobalSection
	GlobalSection(ExtensibilityGlobals) = postSolution
		SolutionGuid = {C406F156-CFB2-4345-B837-92C921A16508}
	EndGlobalSection
EndGlobal
